
Microsoft Visual Studio Solution File, Format Version 12.00
# Visual Studio 15
VisualStudioVersion = 15.0.28307.645
MinimumVisualStudioVersion = 10.0.40219.1
Project("{FAE04EC0-301F-11D3-BF4B-00C04F79EFBC}") = "Rodrigo1", "Rodrigo1\Rodrigo1.csproj", "{C14F4A17-30ED-4273-8F83-54C990F8CABB}"
EndProject
Project("{FAE04EC0-301F-11D3-BF4B-00C04F79EFBC}") = "Unit Test", "Unit Test\Unit Test.csproj", "{C76F9FF4-08E6-4659-89DD-05CC2FEE2FF4}"
EndProject
Global
	GlobalSection(SolutionConfigurationPlatforms) = preSolution
		Debug|Any CPU = Debug|Any CPU
		Release|Any CPU = Release|Any CPU
	EndGlobalSection
	GlobalSection(ProjectConfigurationPlatforms) = postSolution
		{C14F4A17-30ED-4273-8F83-54C990F8CABB}.Debug|Any CPU.ActiveCfg = Debug|Any CPU
		{C14F4A17-30ED-4273-8F83-54C990F8CABB}.Debug|Any CPU.Build.0 = Debug|Any CPU
		{C14F4A17-30ED-4273-8F83-54C990F8CABB}.Release|Any CPU.ActiveCfg = Release|Any CPU
		{C14F4A17-30ED-4273-8F83-54C990F8CABB}.Release|Any CPU.Build.0 = Release|Any CPU
		{C76F9FF4-08E6-4659-89DD-05CC2FEE2FF4}.Debug|Any CPU.ActiveCfg = Debug|Any CPU
		{C76F9FF4-08E6-4659-89DD-05CC2FEE2FF4}.Debug|Any CPU.Build.0 = Debug|Any CPU
		{C76F9FF4-08E6-4659-89DD-05CC2FEE2FF4}.Release|Any CPU.ActiveCfg = Release|Any CPU
		{C76F9FF4-08E6-4659-89DD-05CC2FEE2FF4}.Release|Any CPU.Build.0 = Release|Any CPU
	EndGlobalSection
	GlobalSection(SolutionProperties) = preSolution
		HideSolutionNode = FALSE
	EndGlobalSection
	GlobalSection(ExtensibilityGlobals) = postSolution
		SolutionGuid = {5BA897C0-0CEE-429B-AB97-7E5784904B24}
	EndGlobalSection
EndGlobal
